PODS:
  - JVGenericNotificationCenter (0.1.3):
    - JVJSONCodable
  - JVJSONCodable (0.1.1)

DEPENDENCIES:
  - JVGenericNotificationCenter (from `../`)

SPEC REPOS:
  "https://Jasperav@bitbucket.org/Jasperav/specs.git":
    - JVJSONCodable

EXTERNAL SOURCES:
  JVGenericNotificationCenter:
    :path: "../"

SPEC CHECKSUMS:
  JVGenericNotificationCenter: aa248bf7ce6a6a014e49917aeaca2294e9669ba0
  JVJSONCodable: f7802593adaccf981224f606059016b5c7edabca

PODFILE CHECKSUM: 623fe17e6f303879d487de96a51df8f3bc5ef1bb

COCOAPODS: 1.6.1
